// !$*UTF8*$!
{
	archiveVersion = 1;
	classes = {
	};
	objectVersion = 46;
	objects = {

/* Begin PBXBuildFile section */
		A62DAC56149913440038919B /* UIKit.framework in Frameworks */ = {isa = PBXBuildFile; fileRef = A62DAC55149913440038919B /* UIKit.framework */; };
		A62DAC58149913440038919B /* Foundation.framework in Frameworks */ = {isa = PBXBuildFile; fileRef = A62DAC57149913440038919B /* Foundation.framework */; };
		A62DAC5A149913440038919B /* CoreGraphics.framework in Frameworks */ = {isa = PBXBuildFile; fileRef = A62DAC59149913440038919B /* CoreGraphics.framework */; };
		A62DAC60149913440038919B /* InfoPlist.strings in Resources */ = {isa = PBXBuildFile; fileRef = A62DAC5E149913440038919B /* InfoPlist.strings */; };
		A62DAC62149913440038919B /* main.m in Sources */ = {isa = PBXBuildFile; fileRef = A62DAC61149913440038919B /* main.m */; };
		A62DAC66149913440038919B /* AppDelegate.m in Sources */ = {isa = PBXBuildFile; fileRef = A62DAC65149913440038919B /* AppDelegate.m */; };
		A62DAC69149913440038919B /* MainStoryboard_iPhone.storyboard in Resources */ = {isa = PBXBuildFile; fileRef = A62DAC67149913440038919B /* MainStoryboard_iPhone.storyboard */; };
		A62DAC6C149913440038919B /* MainStoryboard_iPad.storyboard in Resources */ = {isa = PBXBuildFile; fileRef = A62DAC6A149913440038919B /* MainStoryboard_iPad.storyboard */; };
		A62DAC6F149913440038919B /* ViewController.m in Sources */ = {isa = PBXBuildFile; fileRef = A62DAC6E149913440038919B /* ViewController.m */; };
/* End PBXBuildFile section */

/* Begin PBXFileReference section */
		A62DAC51149913440038919B /* tradedeskstats.app */ = {isa = PBXFileReference; explicitFileType = wrapper.application; includeInIndex = 0; path = tradedeskstats.app; sourceTree = BUILT_PRODUCTS_DIR; };
		A62DAC55149913440038919B /* UIKit.framework */ = {isa = PBXFileReference; lastKnownFileType = wrapper.framework; name = UIKit.framework; path = System/Library/Frameworks/UIKit.framework; sourceTree = SDKROOT; };
		A62DAC57149913440038919B /* Foundation.framework */ = {isa = PBXFileReference; lastKnownFileType = wrapper.framework; name = Foundation.framework; path = System/Library/Frameworks/Foundation.framework; sourceTree = SDKROOT; };
		A62DAC59149913440038919B /* CoreGraphics.framework */ = {isa = PBXFileReference; lastKnownFileType = wrapper.framework; name = CoreGraphics.framework; path = System/Library/Frameworks/CoreGraphics.framework; sourceTree = SDKROOT; };
		A62DAC5D149913440038919B /* tradedeskstats-Info.plist */ = {isa = PBXFileReference; path = "tradedeskstats-Info.plist"; sourceTree = "<group>"; };
		A62DAC5F149913440038919B /* en */ = {isa = PBXFileReference; lastKnownFileType = text.plist.strings; name = en; path = en.lproj/InfoPlist.strings; sourceTree = "<group>"; };
		A62DAC61149913440038919B /* main.m */ = {isa = PBXFileReference; lastKnownFileType = sourcecode.c.objc; path = main.m; sourceTree = "<group>"; };
		A62DAC63149913440038919B /* tradedeskstats-Prefix.pch */ = {isa = PBXFileReference; path = "tradedeskstats-Prefix.pch"; sourceTree = "<group>"; };
		A62DAC64149913440038919B /* AppDelegate.h */ = {isa = PBXFileReference; path = AppDelegate.h; sourceTree = "<group>"; };
		A62DAC65149913440038919B /* AppDelegate.m */ = {isa = PBXFileReference; lastKnownFileType = sourcecode.c.objc; path = AppDelegate.m; sourceTree = "<group>"; };
		A62DAC68149913440038919B /* en */ = {isa = PBXFileReference; lastKnownFileType = file.storyboard; name = en; path = en.lproj/MainStoryboard_iPhone.storyboard; sourceTree = "<group>"; };
		A62DAC6B149913440038919B /* en */ = {isa = PBXFileReference; lastKnownFileType = file.storyboard; name = en; path = en.lproj/MainStoryboard_iPad.storyboard; sourceTree = "<group>"; };
		A62DAC6D149913440038919B /* ViewController.h */ = {isa = PBXFileReference; path = ViewController.h; sourceTree = "<group>"; };
		A62DAC6E149913440038919B /* ViewController.m */ = {isa = PBXFileReference; lastKnownFileType = sourcecode.c.objc; path = ViewController.m; sourceTree = "<group>"; };
/* End PBXFileReference section */

/* Begin PBXFrameworksBuildPhase section */
		A62DAC4E149913440038919B /* Frameworks */ = {
			isa = PBXFrameworksBuildPhase;
			buildActionMask = 2147483647;
			files = (
				A62DAC56149913440038919B /* UIKit.framework in Frameworks */,
				A62DAC58149913440038919B /* Foundation.framework in Frameworks */,
				A62DAC5A149913440038919B /* CoreGraphics.framework in Frameworks */,
			);
			runOnlyForDeploymentPostprocessing = 0;
		};
/* End PBXFrameworksBuildPhase section */

/* Begin PBXGroup section */
		A62DAC46149913440038919B = {
			isa = PBXGroup;
			children = (
				A62DAC5B149913440038919B /* tradedeskstats */,
				A62DAC54149913440038919B /* Frameworks */,
				A62DAC52149913440038919B /* Products */,
			);
			sourceTree = "<group>";
		};
		A62DAC52149913440038919B /* Products */ = {
			isa = PBXGroup;
			children = (
				A62DAC51149913440038919B /* tradedeskstats.app */,
			);
			name = Products;
			sourceTree = "<group>";
		};
		A62DAC54149913440038919B /* Frameworks */ = {
			isa = PBXGroup;
			children = (
				A62DAC55149913440038919B /* UIKit.framework */,
				A62DAC57149913440038919B /* Foundation.framework */,
				A62DAC59149913440038919B /* CoreGraphics.framework */,
			);
			name = Frameworks;
			sourceTree = "<group>";
		};
		A62DAC5B149913440038919B /* tradedeskstats */ = {
			isa = PBXGroup;
			children = (
				A62DAC64149913440038919B /* AppDelegate.h */,
				A62DAC65149913440038919B /* AppDelegate.m */,
				A62DAC67149913440038919B /* MainStoryboard_iPhone.storyboard */,
				A62DAC6A149913440038919B /* MainStoryboard_iPad.storyboard */,
				A62DAC6D149913440038919B /* ViewController.h */,
				A62DAC6E149913440038919B /* ViewController.m */,
				A62DAC5C149913440038919B /* Supporting Files */,
			);
			path = tradedeskstats;
			sourceTree = "<group>";
		};
		A62DAC5C149913440038919B /* Supporting Files */ = {
			isa = PBXGroup;
			children = (
				A62DAC5D149913440038919B /* tradedeskstats-Info.plist */,
				A62DAC5E149913440038919B /* InfoPlist.strings */,
				A62DAC61149913440038919B /* main.m */,
				A62DAC63149913440038919B /* tradedeskstats-Prefix.pch */,
			);
			name = "Supporting Files";
			sourceTree = "<group>";
		};
/* End PBXGroup section */

/* Begin PBXNativeTarget section */
		A62DAC50149913440038919B /* tradedeskstats */ = {
			isa = PBXNativeTarget;
			buildConfigurationList = A62DAC72149913440038919B /* Build configuration list for PBXNativeTarget "tradedeskstats" */;
			buildPhases = (
				A62DAC4D149913440038919B /* Sources */,
				A62DAC4E149913440038919B /* Frameworks */,
				A62DAC4F149913440038919B /* Resources */,
			);
			buildRules = (
			);
			dependencies = (
			);
			name = tradedeskstats;
			productName = tradedeskstats;
			productReference = A62DAC51149913440038919B /* tradedeskstats.app */;
			productType = "com.apple.product-type.application";
		};
/* End PBXNativeTarget section */

/* Begin PBXProject section */
		A62DAC48149913440038919B /* Project object */ = {
			isa = PBXProject;
			attributes = {
				LastUpgradeCheck = 0420;
				ORGANIZATIONNAME = "alexpylko@gmail.com";
			};
			buildConfigurationList = A62DAC4B149913440038919B /* Build configuration list for PBXProject "tradedeskstats" */;
			compatibilityVersion = "Xcode 3.2";
			developmentRegion = English;
			hasScannedForEncodings = 0;
			knownRegions = (
				en,
			);
			mainGroup = A62DAC46149913440038919B;
			productRefGroup = A62DAC52149913440038919B /* Products */;
			projectDirPath = "";
			projectRoot = "";
			targets = (
				A62DAC50149913440038919B /* tradedeskstats */,
			);
		};
/* End PBXProject section */

/* Begin PBXResourcesBuildPhase section */
		A62DAC4F149913440038919B /* Resources */ = {
			isa = PBXResourcesBuildPhase;
			buildActionMask = 2147483647;
			files = (
				A62DAC60149913440038919B /* InfoPlist.strings in Resources */,
				A62DAC69149913440038919B /* MainStoryboard_iPhone.storyboard in Resources */,
				A62DAC6C149913440038919B /* MainStoryboard_iPad.storyboard in Resources */,
			);
			runOnlyForDeploymentPostprocessing = 0;
		};
/* End PBXResourcesBuildPhase section */

/* Begin PBXSourcesBuildPhase section */
		A62DAC4D149913440038919B /* Sources */ = {
			isa = PBXSourcesBuildPhase;
			buildActionMask = 2147483647;
			files = (
				A62DAC62149913440038919B /* main.m in Sources */,
				A62DAC66149913440038919B /* AppDelegate.m in Sources */,
				A62DAC6F149913440038919B /* ViewController.m in Sources */,
			);
			runOnlyForDeploymentPostprocessing = 0;
		};
/* End PBXSourcesBuildPhase section */

/* Begin PBXVariantGroup section */
		A62DAC5E149913440038919B /* InfoPlist.strings */ = {
			isa = PBXVariantGroup;
			children = (
				A62DAC5F149913440038919B /* en */,
			);
			name = InfoPlist.strings;
			sourceTree = "<group>";
		};
		A62DAC67149913440038919B /* MainStoryboard_iPhone.storyboard */ = {
			isa = PBXVariantGroup;
			children = (
				A62DAC68149913440038919B /* en */,
			);
			name = MainStoryboard_iPhone.storyboard;
			sourceTree = "<group>";
		};
		A62DAC6A149913440038919B /* MainStoryboard_iPad.storyboard */ = {
			isa = PBXVariantGroup;
			children = (
				A62DAC6B149913440038919B /* en */,
			);
			name = MainStoryboard_iPad.storyboard;
			sourceTree = "<group>";
		};
/* End PBXVariantGroup section */

/* Begin XCBuildConfiguration section */
		A62DAC70149913440038919B /* Debug */ = {
			isa = XCBuildConfiguration;
			buildSettings = {
				ALWAYS_SEARCH_USER_PATHS = NO;
				ARCHS = "$(ARCHS_STANDARD_32_BIT)";
				"CODE_SIGN_IDENTITY[sdk=iphoneos*]" = "iPhone Developer";
				COPY_PHASE_STRIP = NO;
				GCC_C_LANGUAGE_STANDARD = gnu99;
				GCC_DYNAMIC_NO_PIC = NO;
				GCC_OPTIMIZATION_LEVEL = 0;
				GCC_PREPROCESSOR_DEFINITIONS = (
					"DEBUG=1",
					"$(inherited)",
				);
				GCC_SYMBOLS_PRIVATE_EXTERN = NO;
				GCC_VERSION = com.apple.compilers.llvm.clang.1_0;
				GCC_WARN_ABOUT_MISSING_PROTOTYPES = YES;
				GCC_WARN_ABOUT_RETURN_TYPE = YES;
				GCC_WARN_UNUSED_VARIABLE = YES;
				IPHONEOS_DEPLOYMENT_TARGET = 5.0;
				SDKROOT = iphoneos;
				TARGETED_DEVICE_FAMILY = "1,2";
			};
			name = Debug;
		};
		A62DAC71149913440038919B /* Release */ = {
			isa = XCBuildConfiguration;
			buildSettings = {
				ALWAYS_SEARCH_USER_PATHS = NO;
				ARCHS = "$(ARCHS_STANDARD_32_BIT)";
				"CODE_SIGN_IDENTITY[sdk=iphoneos*]" = "iPhone Developer";
				COPY_PHASE_STRIP = YES;
				GCC_C_LANGUAGE_STANDARD = gnu99;
				GCC_VERSION = com.apple.compilers.llvm.clang.1_0;
				GCC_WARN_ABOUT_MISSING_PROTOTYPES = YES;
				GCC_WARN_ABOUT_RETURN_TYPE = YES;
				GCC_WARN_UNUSED_VARIABLE = YES;
				IPHONEOS_DEPLOYMENT_TARGET = 5.0;
				OTHER_CFLAGS = "-DNS_BLOCK_ASSERTIONS=1";
				SDKROOT = iphoneos;
				TARGETED_DEVICE_FAMILY = "1,2";
				VALIDATE_PRODUCT = YES;
			};
			name = Release;
		};
		A62DAC73149913440038919B /* Debug */ = {
			isa = XCBuildConfiguration;
			buildSettings = {
				GCC_PRECOMPILE_PREFIX_HEADER = YES;
				GCC_PREFIX_HEADER = "tradedeskstats/tradedeskstats-Prefix.pch";
				INFOPLIST_FILE = "tradedeskstats/tradedeskstats-Info.plist";
				PRODUCT_NAME = "$(TARGET_NAME)";
				WRAPPER_EXTENSION = app;
			};
			name = Debug;
		};
		A62DAC74149913440038919B /* Release */ = {
			isa = XCBuildConfiguration;
			buildSettings = {
				GCC_PRECOMPILE_PREFIX_HEADER = YES;
				GCC_PREFIX_HEADER = "tradedeskstats/tradedeskstats-Prefix.pch";
				INFOPLIST_FILE = "tradedeskstats/tradedeskstats-Info.plist";
				PRODUCT_NAME = "$(TARGET_NAME)";
				WRAPPER_EXTENSION = app;
			};
			name = Release;
		};
/* End XCBuildConfiguration section */

/* Begin XCConfigurationList section */
		A62DAC4B149913440038919B /* Build configuration list for PBXProject "tradedeskstats" */ = {
			isa = XCConfigurationList;
			buildConfigurations = (
				A62DAC70149913440038919B /* Debug */,
				A62DAC71149913440038919B /* Release */,
			);
			defaultConfigurationIsVisible = 0;
			defaultConfigurationName = Release;
		};
		A62DAC72149913440038919B /* Build configuration list for PBXNativeTarget "tradedeskstats" */ = {
			isa = XCConfigurationList;
			buildConfigurations = (
				A62DAC73149913440038919B /* Debug */,
				A62DAC74149913440038919B /* Release */,
			);
			defaultConfigurationIsVisible = 0;
		};
/* End XCConfigurationList section */
	};
	rootObject = A62DAC48149913440038919B /* Project object */;
}
