// !$*UTF8*$!
{
	archiveVersion = 1;
	classes = {
	};
	objectVersion = 46;
	objects = {

/* Begin PBXBuildFile section */
		A62DAC56149913440038919B /* UIKit.framework in Frameworks */ = {isa = PBXBuildFile; fileRef = A62DAC55149913440038919B /* UIKit.framework */; };
		A62DAC58149913440038919B /* Foundation.framework in Frameworks */ = {isa = PBXBuildFile; fileRef = A62DAC57149913440038919B /* Foundation.framework */; };
		A62DAC5A149913440038919B /* CoreGraphics.framework in Frameworks */ = {isa = PBXBuildFile; fileRef = A62DAC59149913440038919B /* CoreGraphics.framework */; };
		A62DAC60149913440038919B /* InfoPlist.strings in Resources */ = {isa = PBXBuildFile; fileRef = A62DAC5E149913440038919B /* InfoPlist.strings */; };
		A62DAC62149913440038919B /* main.m in Sources */ = {isa = PBXBuildFile; fileRef = A62DAC61149913440038919B /* main.m */; };
		A62DAC69149913440038919B /* MainStoryboard_iPhone.storyboard in Resources */ = {isa = PBXBuildFile; fileRef = A62DAC67149913440038919B /* MainStoryboard_iPhone.storyboard */; };
		A62DAC6C149913440038919B /* MainStoryboard_iPad.storyboard in Resources */ = {isa = PBXBuildFile; fileRef = A62DAC6A149913440038919B /* MainStoryboard_iPad.storyboard */; };
		A62DACB3149914D40038919B /* Account.m in Sources */ = {isa = PBXBuildFile; fileRef = A62DAC7B149914D40038919B /* Account.m */; };
		A62DACB4149914D40038919B /* AccountViewController.m in Sources */ = {isa = PBXBuildFile; fileRef = A62DAC7D149914D40038919B /* AccountViewController.m */; };
		A62DACB5149914D40038919B /* AppDelegate.m in Sources */ = {isa = PBXBuildFile; fileRef = A62DAC7F149914D40038919B /* AppDelegate.m */; };
		A62DACB6149914D40038919B /* DatabaseStorage.m in Sources */ = {isa = PBXBuildFile; fileRef = A62DAC81149914D40038919B /* DatabaseStorage.m */; };
		A62DACB7149914D40038919B /* DetailViewController.m in Sources */ = {isa = PBXBuildFile; fileRef = A62DAC83149914D40038919B /* DetailViewController.m */; };
		A62DACB8149914D40038919B /* NSObject+SBJson.m in Sources */ = {isa = PBXBuildFile; fileRef = A62DAC86149914D40038919B /* NSObject+SBJson.m */; };
		A62DACB9149914D40038919B /* SBJsonParser.m in Sources */ = {isa = PBXBuildFile; fileRef = A62DAC89149914D40038919B /* SBJsonParser.m */; };
		A62DACBA149914D40038919B /* SBJsonStreamParser.m in Sources */ = {isa = PBXBuildFile; fileRef = A62DAC8B149914D40038919B /* SBJsonStreamParser.m */; };
		A62DACBB149914D40038919B /* SBJsonStreamParserAccumulator.m in Sources */ = {isa = PBXBuildFile; fileRef = A62DAC8D149914D40038919B /* SBJsonStreamParserAccumulator.m */; };
		A62DACBC149914D40038919B /* SBJsonStreamParserAdapter.m in Sources */ = {isa = PBXBuildFile; fileRef = A62DAC8F149914D40038919B /* SBJsonStreamParserAdapter.m */; };
		A62DACBD149914D40038919B /* SBJsonStreamParserState.m in Sources */ = {isa = PBXBuildFile; fileRef = A62DAC91149914D40038919B /* SBJsonStreamParserState.m */; };
		A62DACBE149914D40038919B /* SBJsonStreamWriter.m in Sources */ = {isa = PBXBuildFile; fileRef = A62DAC93149914D40038919B /* SBJsonStreamWriter.m */; };
		A62DACBF149914D40038919B /* SBJsonStreamWriterAccumulator.m in Sources */ = {isa = PBXBuildFile; fileRef = A62DAC95149914D40038919B /* SBJsonStreamWriterAccumulator.m */; };
		A62DACC0149914D40038919B /* SBJsonStreamWriterState.m in Sources */ = {isa = PBXBuildFile; fileRef = A62DAC97149914D40038919B /* SBJsonStreamWriterState.m */; };
		A62DACC1149914D40038919B /* SBJsonTokeniser.m in Sources */ = {isa = PBXBuildFile; fileRef = A62DAC99149914D40038919B /* SBJsonTokeniser.m */; };
		A62DACC2149914D40038919B /* SBJsonUTF8Stream.m in Sources */ = {isa = PBXBuildFile; fileRef = A62DAC9B149914D40038919B /* SBJsonUTF8Stream.m */; };
		A62DACC3149914D40038919B /* SBJsonWriter.m in Sources */ = {isa = PBXBuildFile; fileRef = A62DAC9D149914D40038919B /* SBJsonWriter.m */; };
		A62DACC4149914D40038919B /* PFGridIndexPath.m in Sources */ = {isa = PBXBuildFile; fileRef = A62DACA0149914D40038919B /* PFGridIndexPath.m */; };
		A62DACC5149914D40038919B /* PFGridView+Internal.m in Sources */ = {isa = PBXBuildFile; fileRef = A62DACA2149914D40038919B /* PFGridView+Internal.m */; };
		A62DACC6149914D40038919B /* PFGridView.m in Sources */ = {isa = PBXBuildFile; fileRef = A62DACA4149914D40038919B /* PFGridView.m */; };
		A62DACC7149914D40038919B /* PFGridViewCell.m in Sources */ = {isa = PBXBuildFile; fileRef = A62DACA6149914D40038919B /* PFGridViewCell.m */; };
		A62DACC8149914D40038919B /* PFGridViewLabelCell.m in Sources */ = {isa = PBXBuildFile; fileRef = A62DACA8149914D40038919B /* PFGridViewLabelCell.m */; };
		A62DACC9149914D40038919B /* PFGridViewSection+Internal.m in Sources */ = {isa = PBXBuildFile; fileRef = A62DACAA149914D40038919B /* PFGridViewSection+Internal.m */; };
		A62DACCA149914D40038919B /* PFGridViewSection.m in Sources */ = {isa = PBXBuildFile; fileRef = A62DACAC149914D40038919B /* PFGridViewSection.m */; };
		A62DACCB149914D40038919B /* UIAlertView+Prompt.m in Sources */ = {isa = PBXBuildFile; fileRef = A62DACAE149914D40038919B /* UIAlertView+Prompt.m */; };
		A62DACCC149914D40038919B /* LightGrey.png in Resources */ = {isa = PBXBuildFile; fileRef = A62DACB0149914D40038919B /* LightGrey.png */; };
		A62DACCD149914D40038919B /* tradedeskstats.sqlite3 in Resources */ = {isa = PBXBuildFile; fileRef = A62DACB2149914D40038919B /* tradedeskstats.sqlite3 */; };
		A62DACD4149915980038919B /* libsqlite3.dylib in Frameworks */ = {isa = PBXBuildFile; fileRef = A62DACD3149915980038919B /* libsqlite3.dylib */; };
		A62DACDB149922CD0038919B /* Icon-57.png in Resources */ = {isa = PBXBuildFile; fileRef = A62DACDA149922CD0038919B /* Icon-57.png */; };
		A62DACDD149922E60038919B /* Icon-114.png in Resources */ = {isa = PBXBuildFile; fileRef = A62DACDC149922E60038919B /* Icon-114.png */; };
		A62DACDF149922F80038919B /* Default.png in Resources */ = {isa = PBXBuildFile; fileRef = A62DACDE149922F80038919B /* Default.png */; };
		A62DACE1149922FD0038919B /* Default@2x.png in Resources */ = {isa = PBXBuildFile; fileRef = A62DACE0149922FD0038919B /* Default@2x.png */; };
		A62DACE31499232E0038919B /* Icon-72.png in Resources */ = {isa = PBXBuildFile; fileRef = A62DACE21499232E0038919B /* Icon-72.png */; };
		A62DACE5149923390038919B /* Default-Portrait~ipad.png in Resources */ = {isa = PBXBuildFile; fileRef = A62DACE4149923390038919B /* Default-Portrait~ipad.png */; };
		A62DACE71499234F0038919B /* Default-Landscape~ipad.png in Resources */ = {isa = PBXBuildFile; fileRef = A62DACE61499234F0038919B /* Default-Landscape~ipad.png */; };
/* End PBXBuildFile section */

/* Begin PBXFileReference section */
		A62DAC51149913440038919B /* tradedeskstats.app */ = {isa = PBXFileReference; explicitFileType = wrapper.application; includeInIndex = 0; path = tradedeskstats.app; sourceTree = BUILT_PRODUCTS_DIR; };
		A62DAC55149913440038919B /* UIKit.framework */ = {isa = PBXFileReference; lastKnownFileType = wrapper.framework; name = UIKit.framework; path = System/Library/Frameworks/UIKit.framework; sourceTree = SDKROOT; };
		A62DAC57149913440038919B /* Foundation.framework */ = {isa = PBXFileReference; lastKnownFileType = wrapper.framework; name = Foundation.framework; path = System/Library/Frameworks/Foundation.framework; sourceTree = SDKROOT; };
		A62DAC59149913440038919B /* CoreGraphics.framework */ = {isa = PBXFileReference; lastKnownFileType = wrapper.framework; name = CoreGraphics.framework; path = System/Library/Frameworks/CoreGraphics.framework; sourceTree = SDKROOT; };
		A62DAC5D149913440038919B /* tradedeskstats-Info.plist */ = {isa = PBXFileReference; lastKnownFileType = text.plist.xml; path = "tradedeskstats-Info.plist"; sourceTree = "<group>"; };
		A62DAC5F149913440038919B /* en */ = {isa = PBXFileReference; lastKnownFileType = text.plist.strings; name = en; path = en.lproj/InfoPlist.strings; sourceTree = "<group>"; };
		A62DAC61149913440038919B /* main.m */ = {isa = PBXFileReference; lastKnownFileType = sourcecode.c.objc; path = main.m; sourceTree = "<group>"; };
		A62DAC63149913440038919B /* tradedeskstats-Prefix.pch */ = {isa = PBXFileReference; lastKnownFileType = sourcecode.c.h; path = "tradedeskstats-Prefix.pch"; sourceTree = "<group>"; };
		A62DAC68149913440038919B /* en */ = {isa = PBXFileReference; lastKnownFileType = file.storyboard; name = en; path = en.lproj/MainStoryboard_iPhone.storyboard; sourceTree = "<group>"; };
		A62DAC6B149913440038919B /* en */ = {isa = PBXFileReference; lastKnownFileType = file.storyboard; name = en; path = en.lproj/MainStoryboard_iPad.storyboard; sourceTree = "<group>"; };
		A62DAC7A149914D40038919B /* Account.h */ = {isa = PBXFileReference; fileEncoding = 4; lastKnownFileType = sourcecode.c.h; path = Account.h; sourceTree = "<group>"; };
		A62DAC7B149914D40038919B /* Account.m */ = {isa = PBXFileReference; fileEncoding = 4; lastKnownFileType = sourcecode.c.objc; path = Account.m; sourceTree = "<group>"; };
		A62DAC7C149914D40038919B /* AccountViewController.h */ = {isa = PBXFileReference; fileEncoding = 4; lastKnownFileType = sourcecode.c.h; path = AccountViewController.h; sourceTree = "<group>"; };
		A62DAC7D149914D40038919B /* AccountViewController.m */ = {isa = PBXFileReference; fileEncoding = 4; lastKnownFileType = sourcecode.c.objc; path = AccountViewController.m; sourceTree = "<group>"; };
		A62DAC7E149914D40038919B /* AppDelegate.h */ = {isa = PBXFileReference; fileEncoding = 4; lastKnownFileType = sourcecode.c.h; path = AppDelegate.h; sourceTree = "<group>"; };
		A62DAC7F149914D40038919B /* AppDelegate.m */ = {isa = PBXFileReference; fileEncoding = 4; lastKnownFileType = sourcecode.c.objc; path = AppDelegate.m; sourceTree = "<group>"; };
		A62DAC80149914D40038919B /* DatabaseStorage.h */ = {isa = PBXFileReference; fileEncoding = 4; lastKnownFileType = sourcecode.c.h; path = DatabaseStorage.h; sourceTree = "<group>"; };
		A62DAC81149914D40038919B /* DatabaseStorage.m */ = {isa = PBXFileReference; fileEncoding = 4; lastKnownFileType = sourcecode.c.objc; path = DatabaseStorage.m; sourceTree = "<group>"; };
		A62DAC82149914D40038919B /* DetailViewController.h */ = {isa = PBXFileReference; fileEncoding = 4; lastKnownFileType = sourcecode.c.h; path = DetailViewController.h; sourceTree = "<group>"; };
		A62DAC83149914D40038919B /* DetailViewController.m */ = {isa = PBXFileReference; fileEncoding = 4; lastKnownFileType = sourcecode.c.objc; path = DetailViewController.m; sourceTree = "<group>"; };
		A62DAC85149914D40038919B /* NSObject+SBJson.h */ = {isa = PBXFileReference; fileEncoding = 4; lastKnownFileType = sourcecode.c.h; path = "NSObject+SBJson.h"; sourceTree = "<group>"; };
		A62DAC86149914D40038919B /* NSObject+SBJson.m */ = {isa = PBXFileReference; fileEncoding = 4; lastKnownFileType = sourcecode.c.objc; path = "NSObject+SBJson.m"; sourceTree = "<group>"; };
		A62DAC87149914D40038919B /* SBJson.h */ = {isa = PBXFileReference; fileEncoding = 4; lastKnownFileType = sourcecode.c.h; path = SBJson.h; sourceTree = "<group>"; };
		A62DAC88149914D40038919B /* SBJsonParser.h */ = {isa = PBXFileReference; fileEncoding = 4; lastKnownFileType = sourcecode.c.h; path = SBJsonParser.h; sourceTree = "<group>"; };
		A62DAC89149914D40038919B /* SBJsonParser.m */ = {isa = PBXFileReference; fileEncoding = 4; lastKnownFileType = sourcecode.c.objc; path = SBJsonParser.m; sourceTree = "<group>"; };
		A62DAC8A149914D40038919B /* SBJsonStreamParser.h */ = {isa = PBXFileReference; fileEncoding = 4; lastKnownFileType = sourcecode.c.h; path = SBJsonStreamParser.h; sourceTree = "<group>"; };
		A62DAC8B149914D40038919B /* SBJsonStreamParser.m */ = {isa = PBXFileReference; fileEncoding = 4; lastKnownFileType = sourcecode.c.objc; path = SBJsonStreamParser.m; sourceTree = "<group>"; };
		A62DAC8C149914D40038919B /* SBJsonStreamParserAccumulator.h */ = {isa = PBXFileReference; fileEncoding = 4; lastKnownFileType = sourcecode.c.h; path = SBJsonStreamParserAccumulator.h; sourceTree = "<group>"; };
		A62DAC8D149914D40038919B /* SBJsonStreamParserAccumulator.m */ = {isa = PBXFileReference; fileEncoding = 4; lastKnownFileType = sourcecode.c.objc; path = SBJsonStreamParserAccumulator.m; sourceTree = "<group>"; };
		A62DAC8E149914D40038919B /* SBJsonStreamParserAdapter.h */ = {isa = PBXFileReference; fileEncoding = 4; lastKnownFileType = sourcecode.c.h; path = SBJsonStreamParserAdapter.h; sourceTree = "<group>"; };
		A62DAC8F149914D40038919B /* SBJsonStreamParserAdapter.m */ = {isa = PBXFileReference; fileEncoding = 4; lastKnownFileType = sourcecode.c.objc; path = SBJsonStreamParserAdapter.m; sourceTree = "<group>"; };
		A62DAC90149914D40038919B /* SBJsonStreamParserState.h */ = {isa = PBXFileReference; fileEncoding = 4; lastKnownFileType = sourcecode.c.h; path = SBJsonStreamParserState.h; sourceTree = "<group>"; };
		A62DAC91149914D40038919B /* SBJsonStreamParserState.m */ = {isa = PBXFileReference; fileEncoding = 4; lastKnownFileType = sourcecode.c.objc; path = SBJsonStreamParserState.m; sourceTree = "<group>"; };
		A62DAC92149914D40038919B /* SBJsonStreamWriter.h */ = {isa = PBXFileReference; fileEncoding = 4; lastKnownFileType = sourcecode.c.h; path = SBJsonStreamWriter.h; sourceTree = "<group>"; };
		A62DAC93149914D40038919B /* SBJsonStreamWriter.m */ = {isa = PBXFileReference; fileEncoding = 4; lastKnownFileType = sourcecode.c.objc; path = SBJsonStreamWriter.m; sourceTree = "<group>"; };
		A62DAC94149914D40038919B /* SBJsonStreamWriterAccumulator.h */ = {isa = PBXFileReference; fileEncoding = 4; lastKnownFileType = sourcecode.c.h; path = SBJsonStreamWriterAccumulator.h; sourceTree = "<group>"; };
		A62DAC95149914D40038919B /* SBJsonStreamWriterAccumulator.m */ = {isa = PBXFileReference; fileEncoding = 4; lastKnownFileType = sourcecode.c.objc; path = SBJsonStreamWriterAccumulator.m; sourceTree = "<group>"; };
		A62DAC96149914D40038919B /* SBJsonStreamWriterState.h */ = {isa = PBXFileReference; fileEncoding = 4; lastKnownFileType = sourcecode.c.h; path = SBJsonStreamWriterState.h; sourceTree = "<group>"; };
		A62DAC97149914D40038919B /* SBJsonStreamWriterState.m */ = {isa = PBXFileReference; fileEncoding = 4; lastKnownFileType = sourcecode.c.objc; path = SBJsonStreamWriterState.m; sourceTree = "<group>"; };
		A62DAC98149914D40038919B /* SBJsonTokeniser.h */ = {isa = PBXFileReference; fileEncoding = 4; lastKnownFileType = sourcecode.c.h; path = SBJsonTokeniser.h; sourceTree = "<group>"; };
		A62DAC99149914D40038919B /* SBJsonTokeniser.m */ = {isa = PBXFileReference; fileEncoding = 4; lastKnownFileType = sourcecode.c.objc; path = SBJsonTokeniser.m; sourceTree = "<group>"; };
		A62DAC9A149914D40038919B /* SBJsonUTF8Stream.h */ = {isa = PBXFileReference; fileEncoding = 4; lastKnownFileType = sourcecode.c.h; path = SBJsonUTF8Stream.h; sourceTree = "<group>"; };
		A62DAC9B149914D40038919B /* SBJsonUTF8Stream.m */ = {isa = PBXFileReference; fileEncoding = 4; lastKnownFileType = sourcecode.c.objc; path = SBJsonUTF8Stream.m; sourceTree = "<group>"; };
		A62DAC9C149914D40038919B /* SBJsonWriter.h */ = {isa = PBXFileReference; fileEncoding = 4; lastKnownFileType = sourcecode.c.h; path = SBJsonWriter.h; sourceTree = "<group>"; };
		A62DAC9D149914D40038919B /* SBJsonWriter.m */ = {isa = PBXFileReference; fileEncoding = 4; lastKnownFileType = sourcecode.c.objc; path = SBJsonWriter.m; sourceTree = "<group>"; };
		A62DAC9F149914D40038919B /* PFGridIndexPath.h */ = {isa = PBXFileReference; fileEncoding = 4; lastKnownFileType = sourcecode.c.h; path = PFGridIndexPath.h; sourceTree = "<group>"; };
		A62DACA0149914D40038919B /* PFGridIndexPath.m */ = {isa = PBXFileReference; fileEncoding = 4; lastKnownFileType = sourcecode.c.objc; path = PFGridIndexPath.m; sourceTree = "<group>"; };
		A62DACA1149914D40038919B /* PFGridView+Internal.h */ = {isa = PBXFileReference; fileEncoding = 4; lastKnownFileType = sourcecode.c.h; path = "PFGridView+Internal.h"; sourceTree = "<group>"; };
		A62DACA2149914D40038919B /* PFGridView+Internal.m */ = {isa = PBXFileReference; fileEncoding = 4; lastKnownFileType = sourcecode.c.objc; path = "PFGridView+Internal.m"; sourceTree = "<group>"; };
		A62DACA3149914D40038919B /* PFGridView.h */ = {isa = PBXFileReference; fileEncoding = 4; lastKnownFileType = sourcecode.c.h; path = PFGridView.h; sourceTree = "<group>"; };
		A62DACA4149914D40038919B /* PFGridView.m */ = {isa = PBXFileReference; fileEncoding = 4; lastKnownFileType = sourcecode.c.objc; path = PFGridView.m; sourceTree = "<group>"; };
		A62DACA5149914D40038919B /* PFGridViewCell.h */ = {isa = PBXFileReference; fileEncoding = 4; lastKnownFileType = sourcecode.c.h; path = PFGridViewCell.h; sourceTree = "<group>"; };
		A62DACA6149914D40038919B /* PFGridViewCell.m */ = {isa = PBXFileReference; fileEncoding = 4; lastKnownFileType = sourcecode.c.objc; path = PFGridViewCell.m; sourceTree = "<group>"; };
		A62DACA7149914D40038919B /* PFGridViewLabelCell.h */ = {isa = PBXFileReference; fileEncoding = 4; lastKnownFileType = sourcecode.c.h; path = PFGridViewLabelCell.h; sourceTree = "<group>"; };
		A62DACA8149914D40038919B /* PFGridViewLabelCell.m */ = {isa = PBXFileReference; fileEncoding = 4; lastKnownFileType = sourcecode.c.objc; path = PFGridViewLabelCell.m; sourceTree = "<group>"; };
		A62DACA9149914D40038919B /* PFGridViewSection+Internal.h */ = {isa = PBXFileReference; fileEncoding = 4; lastKnownFileType = sourcecode.c.h; path = "PFGridViewSection+Internal.h"; sourceTree = "<group>"; };
		A62DACAA149914D40038919B /* PFGridViewSection+Internal.m */ = {isa = PBXFileReference; fileEncoding = 4; lastKnownFileType = sourcecode.c.objc; path = "PFGridViewSection+Internal.m"; sourceTree = "<group>"; };
		A62DACAB149914D40038919B /* PFGridViewSection.h */ = {isa = PBXFileReference; fileEncoding = 4; lastKnownFileType = sourcecode.c.h; path = PFGridViewSection.h; sourceTree = "<group>"; };
		A62DACAC149914D40038919B /* PFGridViewSection.m */ = {isa = PBXFileReference; fileEncoding = 4; lastKnownFileType = sourcecode.c.objc; path = PFGridViewSection.m; sourceTree = "<group>"; };
		A62DACAD149914D40038919B /* UIAlertView+Prompt.h */ = {isa = PBXFileReference; fileEncoding = 4; lastKnownFileType = sourcecode.c.h; path = "UIAlertView+Prompt.h"; sourceTree = "<group>"; };
		A62DACAE149914D40038919B /* UIAlertView+Prompt.m */ = {isa = PBXFileReference; fileEncoding = 4; lastKnownFileType = sourcecode.c.objc; path = "UIAlertView+Prompt.m"; sourceTree = "<group>"; };
		A62DACB0149914D40038919B /* LightGrey.png */ = {isa = PBXFileReference; lastKnownFileType = image.png; path = LightGrey.png; sourceTree = "<group>"; };
		A62DACB2149914D40038919B /* tradedeskstats.sqlite3 */ = {isa = PBXFileReference; lastKnownFileType = file; path = tradedeskstats.sqlite3; sourceTree = "<group>"; };
		A62DACD3149915980038919B /* libsqlite3.dylib */ = {isa = PBXFileReference; lastKnownFileType = "compiled.mach-o.dylib"; name = libsqlite3.dylib; path = usr/lib/libsqlite3.dylib; sourceTree = SDKROOT; };
		A62DACDA149922CD0038919B /* Icon-57.png */ = {isa = PBXFileReference; lastKnownFileType = image.png; path = "Icon-57.png"; sourceTree = "<group>"; };
		A62DACDC149922E60038919B /* Icon-114.png */ = {isa = PBXFileReference; lastKnownFileType = image.png; path = "Icon-114.png"; sourceTree = "<group>"; };
		A62DACDE149922F80038919B /* Default.png */ = {isa = PBXFileReference; lastKnownFileType = image.png; path = Default.png; sourceTree = "<group>"; };
		A62DACE0149922FD0038919B /* Default@2x.png */ = {isa = PBXFileReference; lastKnownFileType = image.png; path = "Default@2x.png"; sourceTree = "<group>"; };
		A62DACE21499232E0038919B /* Icon-72.png */ = {isa = PBXFileReference; lastKnownFileType = image.png; path = "Icon-72.png"; sourceTree = "<group>"; };
		A62DACE4149923390038919B /* Default-Portrait~ipad.png */ = {isa = PBXFileReference; lastKnownFileType = image.png; path = "Default-Portrait~ipad.png"; sourceTree = "<group>"; };
		A62DACE61499234F0038919B /* Default-Landscape~ipad.png */ = {isa = PBXFileReference; lastKnownFileType = image.png; path = "Default-Landscape~ipad.png"; sourceTree = "<group>"; };
/* End PBXFileReference section */

/* Begin PBXFrameworksBuildPhase section */
		A62DAC4E149913440038919B /* Frameworks */ = {
			isa = PBXFrameworksBuildPhase;
			buildActionMask = 2147483647;
			files = (
				A62DACD4149915980038919B /* libsqlite3.dylib in Frameworks */,
				A62DAC56149913440038919B /* UIKit.framework in Frameworks */,
				A62DAC58149913440038919B /* Foundation.framework in Frameworks */,
				A62DAC5A149913440038919B /* CoreGraphics.framework in Frameworks */,
			);
			runOnlyForDeploymentPostprocessing = 0;
		};
/* End PBXFrameworksBuildPhase section */

/* Begin PBXGroup section */
		A62DAC46149913440038919B = {
			isa = PBXGroup;
			children = (
				A62DACE61499234F0038919B /* Default-Landscape~ipad.png */,
				A62DACE4149923390038919B /* Default-Portrait~ipad.png */,
				A62DACE21499232E0038919B /* Icon-72.png */,
				A62DACE0149922FD0038919B /* Default@2x.png */,
				A62DACDE149922F80038919B /* Default.png */,
				A62DACDC149922E60038919B /* Icon-114.png */,
				A62DACDA149922CD0038919B /* Icon-57.png */,
				A62DAC5B149913440038919B /* tradedeskstats */,
				A62DAC54149913440038919B /* Frameworks */,
				A62DAC52149913440038919B /* Products */,
			);
			sourceTree = "<group>";
		};
		A62DAC52149913440038919B /* Products */ = {
			isa = PBXGroup;
			children = (
				A62DAC51149913440038919B /* tradedeskstats.app */,
			);
			name = Products;
			sourceTree = "<group>";
		};
		A62DAC54149913440038919B /* Frameworks */ = {
			isa = PBXGroup;
			children = (
				A62DACD3149915980038919B /* libsqlite3.dylib */,
				A62DAC55149913440038919B /* UIKit.framework */,
				A62DAC57149913440038919B /* Foundation.framework */,
				A62DAC59149913440038919B /* CoreGraphics.framework */,
			);
			name = Frameworks;
			sourceTree = "<group>";
		};
		A62DAC5B149913440038919B /* tradedeskstats */ = {
			isa = PBXGroup;
			children = (
				A62DAC79149914D40038919B /* Classes */,
				A62DACAF149914D40038919B /* Resources */,
				A62DACB1149914D40038919B /* Storage */,
				A62DAC67149913440038919B /* MainStoryboard_iPhone.storyboard */,
				A62DAC6A149913440038919B /* MainStoryboard_iPad.storyboard */,
				A62DAC5C149913440038919B /* Supporting Files */,
			);
			path = tradedeskstats;
			sourceTree = "<group>";
		};
		A62DAC5C149913440038919B /* Supporting Files */ = {
			isa = PBXGroup;
			children = (
				A62DAC5D149913440038919B /* tradedeskstats-Info.plist */,
				A62DAC5E149913440038919B /* InfoPlist.strings */,
				A62DAC61149913440038919B /* main.m */,
				A62DAC63149913440038919B /* tradedeskstats-Prefix.pch */,
			);
			name = "Supporting Files";
			sourceTree = "<group>";
		};
		A62DAC79149914D40038919B /* Classes */ = {
			isa = PBXGroup;
			children = (
				A62DAC9E149914D40038919B /* PFGridView */,
				A62DAC84149914D40038919B /* JSON */,
				A62DAC7A149914D40038919B /* Account.h */,
				A62DAC7B149914D40038919B /* Account.m */,
				A62DAC7C149914D40038919B /* AccountViewController.h */,
				A62DAC7D149914D40038919B /* AccountViewController.m */,
				A62DAC7E149914D40038919B /* AppDelegate.h */,
				A62DAC7F149914D40038919B /* AppDelegate.m */,
				A62DAC80149914D40038919B /* DatabaseStorage.h */,
				A62DAC81149914D40038919B /* DatabaseStorage.m */,
				A62DAC82149914D40038919B /* DetailViewController.h */,
				A62DAC83149914D40038919B /* DetailViewController.m */,
				A62DACAD149914D40038919B /* UIAlertView+Prompt.h */,
				A62DACAE149914D40038919B /* UIAlertView+Prompt.m */,
			);
			path = Classes;
			sourceTree = "<group>";
		};
		A62DAC84149914D40038919B /* JSON */ = {
			isa = PBXGroup;
			children = (
				A62DAC85149914D40038919B /* NSObject+SBJson.h */,
				A62DAC86149914D40038919B /* NSObject+SBJson.m */,
				A62DAC87149914D40038919B /* SBJson.h */,
				A62DAC88149914D40038919B /* SBJsonParser.h */,
				A62DAC89149914D40038919B /* SBJsonParser.m */,
				A62DAC8A149914D40038919B /* SBJsonStreamParser.h */,
				A62DAC8B149914D40038919B /* SBJsonStreamParser.m */,
				A62DAC8C149914D40038919B /* SBJsonStreamParserAccumulator.h */,
				A62DAC8D149914D40038919B /* SBJsonStreamParserAccumulator.m */,
				A62DAC8E149914D40038919B /* SBJsonStreamParserAdapter.h */,
				A62DAC8F149914D40038919B /* SBJsonStreamParserAdapter.m */,
				A62DAC90149914D40038919B /* SBJsonStreamParserState.h */,
				A62DAC91149914D40038919B /* SBJsonStreamParserState.m */,
				A62DAC92149914D40038919B /* SBJsonStreamWriter.h */,
				A62DAC93149914D40038919B /* SBJsonStreamWriter.m */,
				A62DAC94149914D40038919B /* SBJsonStreamWriterAccumulator.h */,
				A62DAC95149914D40038919B /* SBJsonStreamWriterAccumulator.m */,
				A62DAC96149914D40038919B /* SBJsonStreamWriterState.h */,
				A62DAC97149914D40038919B /* SBJsonStreamWriterState.m */,
				A62DAC98149914D40038919B /* SBJsonTokeniser.h */,
				A62DAC99149914D40038919B /* SBJsonTokeniser.m */,
				A62DAC9A149914D40038919B /* SBJsonUTF8Stream.h */,
				A62DAC9B149914D40038919B /* SBJsonUTF8Stream.m */,
				A62DAC9C149914D40038919B /* SBJsonWriter.h */,
				A62DAC9D149914D40038919B /* SBJsonWriter.m */,
			);
			path = JSON;
			sourceTree = "<group>";
		};
		A62DAC9E149914D40038919B /* PFGridView */ = {
			isa = PBXGroup;
			children = (
				A62DAC9F149914D40038919B /* PFGridIndexPath.h */,
				A62DACA0149914D40038919B /* PFGridIndexPath.m */,
				A62DACA1149914D40038919B /* PFGridView+Internal.h */,
				A62DACA2149914D40038919B /* PFGridView+Internal.m */,
				A62DACA3149914D40038919B /* PFGridView.h */,
				A62DACA4149914D40038919B /* PFGridView.m */,
				A62DACA5149914D40038919B /* PFGridViewCell.h */,
				A62DACA6149914D40038919B /* PFGridViewCell.m */,
				A62DACA7149914D40038919B /* PFGridViewLabelCell.h */,
				A62DACA8149914D40038919B /* PFGridViewLabelCell.m */,
				A62DACA9149914D40038919B /* PFGridViewSection+Internal.h */,
				A62DACAA149914D40038919B /* PFGridViewSection+Internal.m */,
				A62DACAB149914D40038919B /* PFGridViewSection.h */,
				A62DACAC149914D40038919B /* PFGridViewSection.m */,
			);
			path = PFGridView;
			sourceTree = "<group>";
		};
		A62DACAF149914D40038919B /* Resources */ = {
			isa = PBXGroup;
			children = (
				A62DACB0149914D40038919B /* LightGrey.png */,
			);
			path = Resources;
			sourceTree = "<group>";
		};
		A62DACB1149914D40038919B /* Storage */ = {
			isa = PBXGroup;
			children = (
				A62DACB2149914D40038919B /* tradedeskstats.sqlite3 */,
			);
			path = Storage;
			sourceTree = "<group>";
		};
/* End PBXGroup section */

/* Begin PBXNativeTarget section */
		A62DAC50149913440038919B /* tradedeskstats */ = {
			isa = PBXNativeTarget;
			buildConfigurationList = A62DAC72149913440038919B /* Build configuration list for PBXNativeTarget "tradedeskstats" */;
			buildPhases = (
				A62DAC4D149913440038919B /* Sources */,
				A62DAC4E149913440038919B /* Frameworks */,
				A62DAC4F149913440038919B /* Resources */,
			);
			buildRules = (
			);
			dependencies = (
			);
			name = tradedeskstats;
			productName = tradedeskstats;
			productReference = A62DAC51149913440038919B /* tradedeskstats.app */;
			productType = "com.apple.product-type.application";
		};
/* End PBXNativeTarget section */

/* Begin PBXProject section */
		A62DAC48149913440038919B /* Project object */ = {
			isa = PBXProject;
			attributes = {
				LastUpgradeCheck = 0420;
				ORGANIZATIONNAME = "Impart Solutions";
			};
			buildConfigurationList = A62DAC4B149913440038919B /* Build configuration list for PBXProject "tradedeskstats" */;
			compatibilityVersion = "Xcode 3.2";
			developmentRegion = English;
			hasScannedForEncodings = 0;
			knownRegions = (
				en,
			);
			mainGroup = A62DAC46149913440038919B;
			productRefGroup = A62DAC52149913440038919B /* Products */;
			projectDirPath = "";
			projectRoot = "";
			targets = (
				A62DAC50149913440038919B /* tradedeskstats */,
			);
		};
/* End PBXProject section */

/* Begin PBXResourcesBuildPhase section */
		A62DAC4F149913440038919B /* Resources */ = {
			isa = PBXResourcesBuildPhase;
			buildActionMask = 2147483647;
			files = (
				A62DAC60149913440038919B /* InfoPlist.strings in Resources */,
				A62DAC69149913440038919B /* MainStoryboard_iPhone.storyboard in Resources */,
				A62DAC6C149913440038919B /* MainStoryboard_iPad.storyboard in Resources */,
				A62DACCC149914D40038919B /* LightGrey.png in Resources */,
				A62DACCD149914D40038919B /* tradedeskstats.sqlite3 in Resources */,
				A62DACDB149922CD0038919B /* Icon-57.png in Resources */,
				A62DACDD149922E60038919B /* Icon-114.png in Resources */,
				A62DACDF149922F80038919B /* Default.png in Resources */,
				A62DACE1149922FD0038919B /* Default@2x.png in Resources */,
				A62DACE31499232E0038919B /* Icon-72.png in Resources */,
				A62DACE5149923390038919B /* Default-Portrait~ipad.png in Resources */,
				A62DACE71499234F0038919B /* Default-Landscape~ipad.png in Resources */,
			);
			runOnlyForDeploymentPostprocessing = 0;
		};
/* End PBXResourcesBuildPhase section */

/* Begin PBXSourcesBuildPhase section */
		A62DAC4D149913440038919B /* Sources */ = {
			isa = PBXSourcesBuildPhase;
			buildActionMask = 2147483647;
			files = (
				A62DAC62149913440038919B /* main.m in Sources */,
				A62DACB3149914D40038919B /* Account.m in Sources */,
				A62DACB4149914D40038919B /* AccountViewController.m in Sources */,
				A62DACB5149914D40038919B /* AppDelegate.m in Sources */,
				A62DACB6149914D40038919B /* DatabaseStorage.m in Sources */,
				A62DACB7149914D40038919B /* DetailViewController.m in Sources */,
				A62DACB8149914D40038919B /* NSObject+SBJson.m in Sources */,
				A62DACB9149914D40038919B /* SBJsonParser.m in Sources */,
				A62DACBA149914D40038919B /* SBJsonStreamParser.m in Sources */,
				A62DACBB149914D40038919B /* SBJsonStreamParserAccumulator.m in Sources */,
				A62DACBC149914D40038919B /* SBJsonStreamParserAdapter.m in Sources */,
				A62DACBD149914D40038919B /* SBJsonStreamParserState.m in Sources */,
				A62DACBE149914D40038919B /* SBJsonStreamWriter.m in Sources */,
				A62DACBF149914D40038919B /* SBJsonStreamWriterAccumulator.m in Sources */,
				A62DACC0149914D40038919B /* SBJsonStreamWriterState.m in Sources */,
				A62DACC1149914D40038919B /* SBJsonTokeniser.m in Sources */,
				A62DACC2149914D40038919B /* SBJsonUTF8Stream.m in Sources */,
				A62DACC3149914D40038919B /* SBJsonWriter.m in Sources */,
				A62DACC4149914D40038919B /* PFGridIndexPath.m in Sources */,
				A62DACC5149914D40038919B /* PFGridView+Internal.m in Sources */,
				A62DACC6149914D40038919B /* PFGridView.m in Sources */,
				A62DACC7149914D40038919B /* PFGridViewCell.m in Sources */,
				A62DACC8149914D40038919B /* PFGridViewLabelCell.m in Sources */,
				A62DACC9149914D40038919B /* PFGridViewSection+Internal.m in Sources */,
				A62DACCA149914D40038919B /* PFGridViewSection.m in Sources */,
				A62DACCB149914D40038919B /* UIAlertView+Prompt.m in Sources */,
			);
			runOnlyForDeploymentPostprocessing = 0;
		};
/* End PBXSourcesBuildPhase section */

/* Begin PBXVariantGroup section */
		A62DAC5E149913440038919B /* InfoPlist.strings */ = {
			isa = PBXVariantGroup;
			children = (
				A62DAC5F149913440038919B /* en */,
			);
			name = InfoPlist.strings;
			sourceTree = "<group>";
		};
		A62DAC67149913440038919B /* MainStoryboard_iPhone.storyboard */ = {
			isa = PBXVariantGroup;
			children = (
				A62DAC68149913440038919B /* en */,
			);
			name = MainStoryboard_iPhone.storyboard;
			sourceTree = "<group>";
		};
		A62DAC6A149913440038919B /* MainStoryboard_iPad.storyboard */ = {
			isa = PBXVariantGroup;
			children = (
				A62DAC6B149913440038919B /* en */,
			);
			name = MainStoryboard_iPad.storyboard;
			sourceTree = "<group>";
		};
/* End PBXVariantGroup section */

/* Begin XCBuildConfiguration section */
		A62DAC70149913440038919B /* Debug */ = {
			isa = XCBuildConfiguration;
			buildSettings = {
				ALWAYS_SEARCH_USER_PATHS = NO;
				ARCHS = "$(ARCHS_STANDARD_32_BIT)";
				"CODE_SIGN_IDENTITY[sdk=iphoneos*]" = "iPhone Developer";
				COPY_PHASE_STRIP = NO;
				GCC_C_LANGUAGE_STANDARD = gnu99;
				GCC_DYNAMIC_NO_PIC = NO;
				GCC_OPTIMIZATION_LEVEL = 0;
				GCC_PREPROCESSOR_DEFINITIONS = (
					"DEBUG=1",
					"$(inherited)",
				);
				GCC_SYMBOLS_PRIVATE_EXTERN = NO;
				GCC_VERSION = com.apple.compilers.llvm.clang.1_0;
				GCC_WARN_ABOUT_MISSING_PROTOTYPES = YES;
				GCC_WARN_ABOUT_RETURN_TYPE = YES;
				GCC_WARN_UNUSED_VARIABLE = YES;
				IPHONEOS_DEPLOYMENT_TARGET = 5.0;
				SDKROOT = iphoneos;
				TARGETED_DEVICE_FAMILY = "1,2";
			};
			name = Debug;
		};
		A62DAC71149913440038919B /* Release */ = {
			isa = XCBuildConfiguration;
			buildSettings = {
				ALWAYS_SEARCH_USER_PATHS = NO;
				ARCHS = "$(ARCHS_STANDARD_32_BIT)";
				"CODE_SIGN_IDENTITY[sdk=iphoneos*]" = "iPhone Developer";
				COPY_PHASE_STRIP = YES;
				GCC_C_LANGUAGE_STANDARD = gnu99;
				GCC_VERSION = com.apple.compilers.llvm.clang.1_0;
				GCC_WARN_ABOUT_MISSING_PROTOTYPES = YES;
				GCC_WARN_ABOUT_RETURN_TYPE = YES;
				GCC_WARN_UNUSED_VARIABLE = YES;
				IPHONEOS_DEPLOYMENT_TARGET = 5.0;
				OTHER_CFLAGS = "-DNS_BLOCK_ASSERTIONS=1";
				SDKROOT = iphoneos;
				TARGETED_DEVICE_FAMILY = "1,2";
				VALIDATE_PRODUCT = YES;
			};
			name = Release;
		};
		A62DAC73149913440038919B /* Debug */ = {
			isa = XCBuildConfiguration;
			buildSettings = {
				GCC_PRECOMPILE_PREFIX_HEADER = YES;
				GCC_PREFIX_HEADER = "tradedeskstats/tradedeskstats-Prefix.pch";
				INFOPLIST_FILE = "tradedeskstats/tradedeskstats-Info.plist";
				IPHONEOS_DEPLOYMENT_TARGET = 5.0;
				PRODUCT_NAME = "$(TARGET_NAME)";
				WRAPPER_EXTENSION = app;
			};
			name = Debug;
		};
		A62DAC74149913440038919B /* Release */ = {
			isa = XCBuildConfiguration;
			buildSettings = {
				GCC_PRECOMPILE_PREFIX_HEADER = YES;
				GCC_PREFIX_HEADER = "tradedeskstats/tradedeskstats-Prefix.pch";
				INFOPLIST_FILE = "tradedeskstats/tradedeskstats-Info.plist";
				IPHONEOS_DEPLOYMENT_TARGET = 5.0;
				PRODUCT_NAME = "$(TARGET_NAME)";
				WRAPPER_EXTENSION = app;
			};
			name = Release;
		};
/* End XCBuildConfiguration section */

/* Begin XCConfigurationList section */
		A62DAC4B149913440038919B /* Build configuration list for PBXProject "tradedeskstats" */ = {
			isa = XCConfigurationList;
			buildConfigurations = (
				A62DAC70149913440038919B /* Debug */,
				A62DAC71149913440038919B /* Release */,
			);
			defaultConfigurationIsVisible = 0;
			defaultConfigurationName = Release;
		};
		A62DAC72149913440038919B /* Build configuration list for PBXNativeTarget "tradedeskstats" */ = {
			isa = XCConfigurationList;
			buildConfigurations = (
				A62DAC73149913440038919B /* Debug */,
				A62DAC74149913440038919B /* Release */,
			);
			defaultConfigurationIsVisible = 0;
			defaultConfigurationName = Release;
		};
/* End XCConfigurationList section */
	};
	rootObject = A62DAC48149913440038919B /* Project object */;
}
